{
  "name": "spread-sheet-scraping-gas",
  "lockfileVersion": 3,
  "requires": true,
  "packages": {
    "": {
      "dependencies": {
        "@types/google-apps-script": "^1.0.97"
      }
    },
    "node_modules/@types/google-apps-script": {
      "version": "1.0.97",
      "resolved": "https://registry.npmjs.org/@types/google-apps-script/-/google-apps-script-1.0.97.tgz",
      "integrity": "sha512-T8hpQ4Yi7AUvd4fnzHfmo0joGG0j1GUC8TywvRtnKgTAv0vU/DXy4nNgw4VfcOD9ZDdJc0rGoZvWhHORipzFNQ==",
      "license": "MIT"
    }
  }
}
